
Microsoft Visual Studio Solution File, Format Version 12.00
# Visual Studio Version 16
VisualStudioVersion = 16.0.28729.10
MinimumVisualStudioVersion = 10.0.40219.1
Project("{9092AA53-FB77-4645-B42D-1CCCA6BD08BD}") = "EarthPruebaOne", "EarthPruebaOne\EarthPruebaOne.njsproj", "{D3B74363-55CF-4350-98FD-96A002658AEE}"
EndProject
Global
	GlobalSection(SolutionConfigurationPlatforms) = preSolution
		Debug|Any CPU = Debug|Any CPU
		Release|Any CPU = Release|Any CPU
	EndGlobalSection
	GlobalSection(ProjectConfigurationPlatforms) = postSolution
		{D3B74363-55CF-4350-98FD-96A002658AEE}.Debug|Any CPU.ActiveCfg = Debug|Any CPU
		{D3B74363-55CF-4350-98FD-96A002658AEE}.Debug|Any CPU.Build.0 = Debug|Any CPU
		{D3B74363-55CF-4350-98FD-96A002658AEE}.Release|Any CPU.ActiveCfg = Release|Any CPU
		{D3B74363-55CF-4350-98FD-96A002658AEE}.Release|Any CPU.Build.0 = Release|Any CPU
	EndGlobalSection
	GlobalSection(SolutionProperties) = preSolution
		HideSolutionNode = FALSE
	EndGlobalSection
	GlobalSection(ExtensibilityGlobals) = postSolution
		SolutionGuid = {FD6FA11E-BCFA-4A1D-9972-EB3AB042A93A}
	EndGlobalSection
EndGlobal
